Microsoft Visual Studio Solution File, Format Version 12.00
# Visual Studio Version 17
VisualStudioVersion = 17.12.35728.132
MinimumVisualStudioVersion = 10.0.40219.1
Project("{FAE04EC0-301F-11D3-BF4B-00C04F79EFBC}") = "HtmlToPdfConverter", "HtmlToPdfConverter\HtmlToPdfConverter.csproj", "{1E45AD67-21C9-483C-A984-2053E23A61AA}"
EndProject
Project("{FAE04EC0-301F-11D3-BF4B-00C04F79EFBC}") = "HtmlToPdfConverter.Tests", "HtmlToPdfConverter.Tests\HtmlToPdfConverter.Tests.csproj", "{D06B73F4-A40A-47AF-9E72-8265B9B20F98}"
EndProject
Project("{FAE04EC0-301F-11D3-BF4B-00C04F79EFBC}") = "TestConverterConsoleApp", "TestConverterConsoleApp\TestConverterConsoleApp.csproj", "{3FFD565F-4EFD-4F2D-A4A1-678FA9A678EE}"
EndProject
Global
	GlobalSection(SolutionConfigurationPlatforms) = preSolution
		Debug|Any CPU = Debug|Any CPU
		Release|Any CPU = Release|Any CPU
	EndGlobalSection
	GlobalSection(ProjectConfigurationPlatforms) = postSolution
		{1E45AD67-21C9-483C-A984-2053E23A61AA}.Debug|Any CPU.ActiveCfg = Debug|Any CPU
		{1E45AD67-21C9-483C-A984-2053E23A61AA}.Debug|Any CPU.Build.0 = Debug|Any CPU
		{1E45AD67-21C9-483C-A984-2053E23A61AA}.Release|Any CPU.ActiveCfg = Release|Any CPU
		{1E45AD67-21C9-483C-A984-2053E23A61AA}.Release|Any CPU.Build.0 = Release|Any CPU
		{D06B73F4-A40A-47AF-9E72-8265B9B20F98}.Debug|Any CPU.ActiveCfg = Debug|Any CPU
		{D06B73F4-A40A-47AF-9E72-8265B9B20F98}.Debug|Any CPU.Build.0 = Debug|Any CPU
		{D06B73F4-A40A-47AF-9E72-8265B9B20F98}.Release|Any CPU.ActiveCfg = Release|Any CPU
		{D06B73F4-A40A-47AF-9E72-8265B9B20F98}.Release|Any CPU.Build.0 = Release|Any CPU
		{3FFD565F-4EFD-4F2D-A4A1-678FA9A678EE}.Debug|Any CPU.ActiveCfg = Debug|Any CPU
		{3FFD565F-4EFD-4F2D-A4A1-678FA9A678EE}.Debug|Any CPU.Build.0 = Debug|Any CPU
		{3FFD565F-4EFD-4F2D-A4A1-678FA9A678EE}.Release|Any CPU.ActiveCfg = Release|Any CPU
		{3FFD565F-4EFD-4F2D-A4A1-678FA9A678EE}.Release|Any CPU.Build.0 = Release|Any CPU
	EndGlobalSection
	GlobalSection(SolutionProperties) = preSolution
		HideSolutionNode = FALSE
	EndGlobalSection
	GlobalSection(ExtensibilityGlobals) = postSolution
		SolutionGuid = {03E463E4-5913-464B-A48C-E23423FA802E}
	EndGlobalSection
EndGlobal
